PODS:
  - Masonry (1.1.0)
  - PoporFoundation/NSObject (1.15)
  - PoporFoundation/NSString (1.15):
    - PoporFoundation/NSObject
    - PoporFoundation/Os
    - PoporFoundation/Prefix
  - PoporFoundation/Os (1.15)
  - PoporFoundation/Prefix (1.15):
    - PoporFoundation/Os
  - PoporUI (1.18):
    - PoporUI/IToast (= 1.18)
    - PoporUI/ProgressView (= 1.18)
    - PoporUI/Response (= 1.18)
    - PoporUI/UIAlertController (= 1.18)
    - PoporUI/UIButton (= 1.18)
    - PoporUI/UIDevice (= 1.18)
    - PoporUI/UIImage (= 1.18)
    - PoporUI/UILabel (= 1.18)
    - PoporUI/UINavigationController (= 1.18)
    - PoporUI/UIScrollView (= 1.18)
    - PoporUI/UITableView (= 1.18)
    - PoporUI/UITextField (= 1.18)
    - PoporUI/UITextView (= 1.18)
    - PoporUI/UIView (= 1.18)
    - PoporUI/UIViewController (= 1.18)
  - PoporUI/IToast (1.18):
    - PoporFoundation/NSString
  - PoporUI/ProgressView (1.18)
  - PoporUI/Response (1.18)
  - PoporUI/UIAlertController (1.18)
  - PoporUI/UIButton (1.18):
    - PoporFoundation/NSObject
    - PoporFoundation/NSString
    - PoporFoundation/Prefix
    - PoporUI/UIImage
    - PoporUI/UIView
  - PoporUI/UIDevice (1.18):
    - PoporFoundation/NSString
    - PoporUI/IToast
  - PoporUI/UIImage (1.18)
  - PoporUI/UILabel (1.18):
    - PoporFoundation/NSObject
    - PoporFoundation/NSString
    - PoporUI/UIView
  - PoporUI/UINavigationController (1.18)
  - PoporUI/UIScrollView (1.18)
  - PoporUI/UITableView (1.18)
  - PoporUI/UITextField (1.18):
    - PoporFoundation/NSObject
    - PoporFoundation/NSString
  - PoporUI/UITextView (1.18)
  - PoporUI/UIView (1.18)
  - PoporUI/UIViewController (1.18):
    - PoporFoundation/NSObject
    - PoporFoundation/NSString
    - PoporFoundation/Prefix

DEPENDENCIES:
  - Masonry
  - PoporUI (from `../`)

SPEC REPOS:
  https://github.com/CocoaPods/Specs.git:
    - Masonry
    - PoporFoundation

EXTERNAL SOURCES:
  PoporUI:
    :path: "../"

SPEC CHECKSUMS:
  Masonry: 678fab65091a9290e40e2832a55e7ab731aad201
  PoporFoundation: 9bad6ef6208fd9fa8762a3660cfad74b3b31d666
  PoporUI: 95732342976aab997efb7a33ab9ed6191c136280

PODFILE CHECKSUM: c77933f646dc72234f3db9bd45ea454211eb3b43

COCOAPODS: 1.9.3
