PODS:
  - PoporFoundation (0.0.2):
    - PoporFoundation/NSArray (= 0.0.2)
    - PoporFoundation/NSAssistant (= 0.0.2)
    - PoporFoundation/NSData (= 0.0.2)
    - PoporFoundation/NSDate (= 0.0.2)
    - PoporFoundation/NSDictionary (= 0.0.2)
    - PoporFoundation/NSObject (= 0.0.2)
    - PoporFoundation/NSString (= 0.0.2)
    - PoporFoundation/NSURL (= 0.0.2)
    - PoporFoundation/prefix (= 0.0.2)
    - PoporFoundation/ScreenCommonSize (= 0.0.2)
  - PoporFoundation/NSArray (0.0.2):
    - PoporFoundation/NSObject
    - PoporFoundation/prefix
  - PoporFoundation/NSAssistant (0.0.2):
    - PoporFoundation/prefix
  - PoporFoundation/NSData (0.0.2)
  - PoporFoundation/NSDate (0.0.2):
    - PoporFoundation/NSString
  - PoporFoundation/NSDictionary (0.0.2):
    - PoporFoundation/NSObject
    - PoporFoundation/prefix
  - PoporFoundation/NSObject (0.0.2)
  - PoporFoundation/NSString (0.0.2):
    - PoporFoundation/prefix
  - PoporFoundation/NSURL (0.0.2):
    - PoporFoundation/NSObject
  - PoporFoundation/prefix (0.0.2)
  - PoporFoundation/ScreenCommonSize (0.0.2)
  - PoporUI (0.0.1):
    - PoporFoundation
    - PoporUI/BlockView (= 0.0.1)
    - PoporUI/IToast (= 0.0.1)
    - PoporUI/Response (= 0.0.1)
    - PoporUI/SimpleWKWebVC (= 0.0.1)
    - PoporUI/Tool (= 0.0.1)
    - PoporUI/UIButton (= 0.0.1)
    - PoporUI/UIImage (= 0.0.1)
    - PoporUI/UILabel (= 0.0.1)
    - PoporUI/UIScrollView (= 0.0.1)
    - PoporUI/UITableView (= 0.0.1)
    - PoporUI/UITextField (= 0.0.1)
    - PoporUI/UITextView (= 0.0.1)
    - PoporUI/UIView (= 0.0.1)
    - PoporUI/UIViewController (= 0.0.1)
  - PoporUI/BlockView (0.0.1):
    - PoporFoundation
  - PoporUI/IToast (0.0.1):
    - PoporFoundation
  - PoporUI/Response (0.0.1):
    - PoporFoundation
  - PoporUI/SimpleWKWebVC (0.0.1):
    - PoporFoundation
    - PoporUI/IToast
  - PoporUI/Tool (0.0.1):
    - PoporFoundation
    - PoporFoundation/NSString
    - PoporUI/BlockView
    - PoporUI/IToast
  - PoporUI/UIButton (0.0.1):
    - PoporFoundation
    - PoporFoundation/prefix
    - PoporUI/UIImage
    - PoporUI/UIView
  - PoporUI/UIImage (0.0.1):
    - PoporFoundation
  - PoporUI/UILabel (0.0.1):
    - PoporFoundation
    - PoporFoundation/NSString
    - PoporUI/UIView
  - PoporUI/UIScrollView (0.0.1):
    - PoporFoundation
  - PoporUI/UITableView (0.0.1):
    - PoporFoundation
  - PoporUI/UITextField (0.0.1):
    - PoporFoundation
  - PoporUI/UITextView (0.0.1):
    - PoporFoundation
  - PoporUI/UIView (0.0.1):
    - PoporFoundation
  - PoporUI/UIViewController (0.0.1):
    - PoporFoundation
    - PoporFoundation/NSObject
    - PoporFoundation/NSString
    - PoporFoundation/prefix

DEPENDENCIES:
  - PoporUI (from `../`)

SPEC REPOS:
  https://github.com/cocoapods/specs.git:
    - PoporFoundation

EXTERNAL SOURCES:
  PoporUI:
    :path: "../"

SPEC CHECKSUMS:
  PoporFoundation: 286a81ac282014e13b1b874840de7f1f1d852d5e
  PoporUI: bbe08607a6ffc9602e5f5d8533d26b50f2749337

PODFILE CHECKSUM: 6fd9dcb794450056994659285c6a76c4698cc680

COCOAPODS: 1.5.3
