// !$*UTF8*$!
{
	archiveVersion = 1;
	classes = {
	};
	objectVersion = 46;
	objects = {

/* Begin PBXBuildFile section */
		1818073521549D0500CB87CE /* foot@2x.png in Resources */ = {isa = PBXBuildFile; fileRef = 1818073421549D0500CB87CE /* foot@2x.png */; };
		1828EA56232F2D9100396DDA /* PoporUIVCPresenter.m in Sources */ = {isa = PBXBuildFile; fileRef = 1828EA4D232F2D9100396DDA /* PoporUIVCPresenter.m */; };
		1828EA57232F2D9100396DDA /* PoporUIVC.m in Sources */ = {isa = PBXBuildFile; fileRef = 1828EA51232F2D9100396DDA /* PoporUIVC.m */; };
		1828EA58232F2D9100396DDA /* PoporUIVCInteractor.m in Sources */ = {isa = PBXBuildFile; fileRef = 1828EA54232F2D9100396DDA /* PoporUIVCInteractor.m */; };
		1828EA5D232F2F8700396DDA /* VC_UITextField+pPlaceholder.m in Sources */ = {isa = PBXBuildFile; fileRef = 1828EA5C232F2F8700396DDA /* VC_UITextField+pPlaceholder.m */; };
		18631B7620E4D65F0080DC41 /* icon180@2x.png in Resources */ = {isa = PBXBuildFile; fileRef = 18631B7520E4D65F0080DC41 /* icon180@2x.png */; };
		187D30DF23346C8C00045911 /* BTVC.m in Sources */ = {isa = PBXBuildFile; fileRef = 187D30DE23346C8C00045911 /* BTVC.m */; };
		6003F58E195388D20070C39A /* Foundation.framework in Frameworks */ = {isa = PBXBuildFile; fileRef = 6003F58D195388D20070C39A /* Foundation.framework */; };
		6003F590195388D20070C39A /* CoreGraphics.framework in Frameworks */ = {isa = PBXBuildFile; fileRef = 6003F58F195388D20070C39A /* CoreGraphics.framework */; };
		6003F592195388D20070C39A /* UIKit.framework in Frameworks */ = {isa = PBXBuildFile; fileRef = 6003F591195388D20070C39A /* UIKit.framework */; };
		6003F598195388D20070C39A /* InfoPlist.strings in Resources */ = {isa = PBXBuildFile; fileRef = 6003F596195388D20070C39A /* InfoPlist.strings */; };
		6003F59A195388D20070C39A /* main.m in Sources */ = {isa = PBXBuildFile; fileRef = 6003F599195388D20070C39A /* main.m */; };
		6003F59E195388D20070C39A /* PoporUIAppDelegate.m in Sources */ = {isa = PBXBuildFile; fileRef = 6003F59D195388D20070C39A /* PoporUIAppDelegate.m */; };
		6003F5A7195388D20070C39A /* PoporUIViewController.m in Sources */ = {isa = PBXBuildFile; fileRef = 6003F5A6195388D20070C39A /* PoporUIViewController.m */; };
		6003F5A9195388D20070C39A /* Images.xcassets in Resources */ = {isa = PBXBuildFile; fileRef = 6003F5A8195388D20070C39A /* Images.xcassets */; };
		6003F5B0195388D20070C39A /* XCTest.framework in Frameworks */ = {isa = PBXBuildFile; fileRef = 6003F5AF195388D20070C39A /* XCTest.framework */; };
		6003F5B1195388D20070C39A /* Foundation.framework in Frameworks */ = {isa = PBXBuildFile; fileRef = 6003F58D195388D20070C39A /* Foundation.framework */; };
		6003F5B2195388D20070C39A /* UIKit.framework in Frameworks */ = {isa = PBXBuildFile; fileRef = 6003F591195388D20070C39A /* UIKit.framework */; };
		6003F5BA195388D20070C39A /* InfoPlist.strings in Resources */ = {isa = PBXBuildFile; fileRef = 6003F5B8195388D20070C39A /* InfoPlist.strings */; };
		6003F5BC195388D20070C39A /* Tests.m in Sources */ = {isa = PBXBuildFile; fileRef = 6003F5BB195388D20070C39A /* Tests.m */; };
		71719F9F1E33DC2100824A3D /* LaunchScreen.storyboard in Resources */ = {isa = PBXBuildFile; fileRef = 71719F9D1E33DC2100824A3D /* LaunchScreen.storyboard */; };
		873B8AEB1B1F5CCA007FD442 /* Main.storyboard in Resources */ = {isa = PBXBuildFile; fileRef = 873B8AEA1B1F5CCA007FD442 /* Main.storyboard */; };
		996DDB081DBAB23775312153 /* Pods_PoporUI_Example.framework in Frameworks */ = {isa = PBXBuildFile; fileRef = 47759FDEC074483E23CF9D40 /* Pods_PoporUI_Example.framework */; };
		CC53DD6287A5144A7112BBE3 /* Pods_PoporUI_Tests.framework in Frameworks */ = {isa = PBXBuildFile; fileRef = FF986D6F109BF8BB570484A8 /* Pods_PoporUI_Tests.framework */; };
		E42831032417CE4D00DDD344 /* LabelVC.m in Sources */ = {isa = PBXBuildFile; fileRef = E42830FA2417CE4D00DDD344 /* LabelVC.m */; };
		E42831042417CE4D00DDD344 /* LabelVCInteractor.m in Sources */ = {isa = PBXBuildFile; fileRef = E42830FE2417CE4D00DDD344 /* LabelVCInteractor.m */; };
		E42831052417CE4D00DDD344 /* LabelVCPresenter.m in Sources */ = {isa = PBXBuildFile; fileRef = E42831012417CE4D00DDD344 /* LabelVCPresenter.m */; };
		E4283118241873B900DDD344 /* TfVCPresenter.m in Sources */ = {isa = PBXBuildFile; fileRef = E428310F241873B900DDD344 /* TfVCPresenter.m */; };
		E4283119241873B900DDD344 /* TfVC.m in Sources */ = {isa = PBXBuildFile; fileRef = E4283112241873B900DDD344 /* TfVC.m */; };
		E428311A241873B900DDD344 /* TfVCInteractor.m in Sources */ = {isa = PBXBuildFile; fileRef = E4283117241873B900DDD344 /* TfVCInteractor.m */; };
		E45FA6C123F8E2AF00C5CC45 /* bt@2x.png in Resources */ = {isa = PBXBuildFile; fileRef = E45FA6BF23F8E2AF00C5CC45 /* bt@2x.png */; };
		E45FA6C223F8E2AF00C5CC45 /* CBT.m in Sources */ = {isa = PBXBuildFile; fileRef = E45FA6C023F8E2AF00C5CC45 /* CBT.m */; };
/* End PBXBuildFile section */

/* Begin PBXContainerItemProxy section */
		6003F5B3195388D20070C39A /* PBXContainerItemProxy */ = {
			isa = PBXContainerItemProxy;
			containerPortal = 6003F582195388D10070C39A /* Project object */;
			proxyType = 1;
			remoteGlobalIDString = 6003F589195388D20070C39A;
			remoteInfo = PoporUI;
		};
/* End PBXContainerItemProxy section */

/* Begin PBXFileReference section */
		180028C42305499100EF6843 /* PoporUI_Example.entitlements */ = {isa = PBXFileReference; lastKnownFileType = text.plist.entitlements; path = PoporUI_Example.entitlements; sourceTree = SOURCE_ROOT; };
		1818073421549D0500CB87CE /* foot@2x.png */ = {isa = PBXFileReference; lastKnownFileType = image.png; path = "foot@2x.png"; sourceTree = "<group>"; };
		1828EA4D232F2D9100396DDA /* PoporUIVCPresenter.m */ = {isa = PBXFileReference; fileEncoding = 4; lastKnownFileType = sourcecode.c.objc; path = PoporUIVCPresenter.m; sourceTree = "<group>"; };
		1828EA4E232F2D9100396DDA /* PoporUIVCPresenter.h */ = {isa = PBXFileReference; fileEncoding = 4; lastKnownFileType = sourcecode.c.h; path = PoporUIVCPresenter.h; sourceTree = "<group>"; };
		1828EA50232F2D9100396DDA /* PoporUIVCProtocol.h */ = {isa = PBXFileReference; fileEncoding = 4; lastKnownFileType = sourcecode.c.h; path = PoporUIVCProtocol.h; sourceTree = "<group>"; };
		1828EA51232F2D9100396DDA /* PoporUIVC.m */ = {isa = PBXFileReference; fileEncoding = 4; lastKnownFileType = sourcecode.c.objc; path = PoporUIVC.m; sourceTree = "<group>"; };
		1828EA52232F2D9100396DDA /* PoporUIVC.h */ = {isa = PBXFileReference; fileEncoding = 4; lastKnownFileType = sourcecode.c.h; path = PoporUIVC.h; sourceTree = "<group>"; };
		1828EA54232F2D9100396DDA /* PoporUIVCInteractor.m */ = {isa = PBXFileReference; fileEncoding = 4; lastKnownFileType = sourcecode.c.objc; path = PoporUIVCInteractor.m; sourceTree = "<group>"; };
		1828EA55232F2D9100396DDA /* PoporUIVCInteractor.h */ = {isa = PBXFileReference; fileEncoding = 4; lastKnownFileType = sourcecode.c.h; path = PoporUIVCInteractor.h; sourceTree = "<group>"; };
		1828EA5B232F2F8700396DDA /* VC_UITextField+pPlaceholder.h */ = {isa = PBXFileReference; lastKnownFileType = sourcecode.c.h; path = "VC_UITextField+pPlaceholder.h"; sourceTree = "<group>"; };
		1828EA5C232F2F8700396DDA /* VC_UITextField+pPlaceholder.m */ = {isa = PBXFileReference; lastKnownFileType = sourcecode.c.objc; path = "VC_UITextField+pPlaceholder.m"; sourceTree = "<group>"; };
		18631B7520E4D65F0080DC41 /* icon180@2x.png */ = {isa = PBXFileReference; lastKnownFileType = image.png; path = "icon180@2x.png"; sourceTree = "<group>"; };
		187D30DD23346C8C00045911 /* BTVC.h */ = {isa = PBXFileReference; lastKnownFileType = sourcecode.c.h; path = BTVC.h; sourceTree = "<group>"; };
		187D30DE23346C8C00045911 /* BTVC.m */ = {isa = PBXFileReference; lastKnownFileType = sourcecode.c.objc; path = BTVC.m; sourceTree = "<group>"; };
		2497EEB7FBA989374EB5A062 /* Pods-PoporUI_Example.debug.xcconfig */ = {isa = PBXFileReference; includeInIndex = 1; lastKnownFileType = text.xcconfig; name = "Pods-PoporUI_Example.debug.xcconfig"; path = "Pods/Target Support Files/Pods-PoporUI_Example/Pods-PoporUI_Example.debug.xcconfig"; sourceTree = "<group>"; };
		47759FDEC074483E23CF9D40 /* Pods_PoporUI_Example.framework */ = {isa = PBXFileReference; explicitFileType = wrapper.framework; includeInIndex = 0; path = Pods_PoporUI_Example.framework; sourceTree = BUILT_PRODUCTS_DIR; };
		6003F58A195388D20070C39A /* UI.app */ = {isa = PBXFileReference; explicitFileType = wrapper.application; includeInIndex = 0; path = UI.app; sourceTree = BUILT_PRODUCTS_DIR; };
		6003F58D195388D20070C39A /* Foundation.framework */ = {isa = PBXFileReference; lastKnownFileType = wrapper.framework; name = Foundation.framework; path = System/Library/Frameworks/Foundation.framework; sourceTree = SDKROOT; };
		6003F58F195388D20070C39A /* CoreGraphics.framework */ = {isa = PBXFileReference; lastKnownFileType = wrapper.framework; name = CoreGraphics.framework; path = System/Library/Frameworks/CoreGraphics.framework; sourceTree = SDKROOT; };
		6003F591195388D20070C39A /* UIKit.framework */ = {isa = PBXFileReference; lastKnownFileType = wrapper.framework; name = UIKit.framework; path = System/Library/Frameworks/UIKit.framework; sourceTree = SDKROOT; };
		6003F595195388D20070C39A /* PoporUI-Info.plist */ = {isa = PBXFileReference; lastKnownFileType = text.plist.xml; path = "PoporUI-Info.plist"; sourceTree = "<group>"; };
		6003F597195388D20070C39A /* en */ = {isa = PBXFileReference; lastKnownFileType = text.plist.strings; name = en; path = en.lproj/InfoPlist.strings; sourceTree = "<group>"; };
		6003F599195388D20070C39A /* main.m */ = {isa = PBXFileReference; lastKnownFileType = sourcecode.c.objc; path = main.m; sourceTree = "<group>"; };
		6003F59B195388D20070C39A /* PoporUI-Prefix.pch */ = {isa = PBXFileReference; lastKnownFileType = sourcecode.c.h; path = "PoporUI-Prefix.pch"; sourceTree = "<group>"; };
		6003F59C195388D20070C39A /* PoporUIAppDelegate.h */ = {isa = PBXFileReference; lastKnownFileType = sourcecode.c.h; path = PoporUIAppDelegate.h; sourceTree = "<group>"; };
		6003F59D195388D20070C39A /* PoporUIAppDelegate.m */ = {isa = PBXFileReference; lastKnownFileType = sourcecode.c.objc; path = PoporUIAppDelegate.m; sourceTree = "<group>"; };
		6003F5A5195388D20070C39A /* PoporUIViewController.h */ = {isa = PBXFileReference; lastKnownFileType = sourcecode.c.h; path = PoporUIViewController.h; sourceTree = "<group>"; };
		6003F5A6195388D20070C39A /* PoporUIViewController.m */ = {isa = PBXFileReference; lastKnownFileType = sourcecode.c.objc; path = PoporUIViewController.m; sourceTree = "<group>"; };
		6003F5A8195388D20070C39A /* Images.xcassets */ = {isa = PBXFileReference; lastKnownFileType = folder.assetcatalog; path = Images.xcassets; sourceTree = "<group>"; };
		6003F5AE195388D20070C39A /* PoporUI_Tests.xctest */ = {isa = PBXFileReference; explicitFileType = wrapper.cfbundle; includeInIndex = 0; path = PoporUI_Tests.xctest; sourceTree = BUILT_PRODUCTS_DIR; };
		6003F5AF195388D20070C39A /* XCTest.framework */ = {isa = PBXFileReference; lastKnownFileType = wrapper.framework; name = XCTest.framework; path = Library/Frameworks/XCTest.framework; sourceTree = DEVELOPER_DIR; };
		6003F5B7195388D20070C39A /* Tests-Info.plist */ = {isa = PBXFileReference; lastKnownFileType = text.plist.xml; path = "Tests-Info.plist"; sourceTree = "<group>"; };
		6003F5B9195388D20070C39A /* en */ = {isa = PBXFileReference; lastKnownFileType = text.plist.strings; name = en; path = en.lproj/InfoPlist.strings; sourceTree = "<group>"; };
		6003F5BB195388D20070C39A /* Tests.m */ = {isa = PBXFileReference; lastKnownFileType = sourcecode.c.objc; path = Tests.m; sourceTree = "<group>"; };
		606FC2411953D9B200FFA9A0 /* Tests-Prefix.pch */ = {isa = PBXFileReference; lastKnownFileType = sourcecode.c.h; path = "Tests-Prefix.pch"; sourceTree = "<group>"; };
		71719F9E1E33DC2100824A3D /* Base */ = {isa = PBXFileReference; lastKnownFileType = file.storyboard; name = Base; path = Base.lproj/LaunchScreen.storyboard; sourceTree = "<group>"; };
		7BEFF5DEC8C9D600E4026338 /* Pods-PoporUI_Tests.debug.xcconfig */ = {isa = PBXFileReference; includeInIndex = 1; lastKnownFileType = text.xcconfig; name = "Pods-PoporUI_Tests.debug.xcconfig"; path = "Pods/Target Support Files/Pods-PoporUI_Tests/Pods-PoporUI_Tests.debug.xcconfig"; sourceTree = "<group>"; };
		873B8AEA1B1F5CCA007FD442 /* Main.storyboard */ = {isa = PBXFileReference; fileEncoding = 4; lastKnownFileType = file.storyboard; path = Main.storyboard; sourceTree = "<group>"; };
		A60C82044BA79F5C36E301C8 /* Pods-PoporUI_Example.release.xcconfig */ = {isa = PBXFileReference; includeInIndex = 1; lastKnownFileType = text.xcconfig; name = "Pods-PoporUI_Example.release.xcconfig"; path = "Pods/Target Support Files/Pods-PoporUI_Example/Pods-PoporUI_Example.release.xcconfig"; sourceTree = "<group>"; };
		BED3AEAA95A14B86CA4988CD /* Pods-PoporUI_Tests.release.xcconfig */ = {isa = PBXFileReference; includeInIndex = 1; lastKnownFileType = text.xcconfig; name = "Pods-PoporUI_Tests.release.xcconfig"; path = "Pods/Target Support Files/Pods-PoporUI_Tests/Pods-PoporUI_Tests.release.xcconfig"; sourceTree = "<group>"; };
		CB223FB7ABFC8E081DA6AD59 /* PoporUI.podspec */ = {isa = PBXFileReference; includeInIndex = 1; lastKnownFileType = text; name = PoporUI.podspec; path = ../PoporUI.podspec; sourceTree = "<group>"; xcLanguageSpecificationIdentifier = xcode.lang.ruby; };
		DAF6EEEE55744EBD712939C4 /* README.md */ = {isa = PBXFileReference; includeInIndex = 1; lastKnownFileType = net.daringfireball.markdown; name = README.md; path = ../README.md; sourceTree = "<group>"; };
		DBD8EF0880D504CF05FCE213 /* LICENSE */ = {isa = PBXFileReference; includeInIndex = 1; lastKnownFileType = text; name = LICENSE; path = ../LICENSE; sourceTree = "<group>"; };
		E42830FA2417CE4D00DDD344 /* LabelVC.m */ = {isa = PBXFileReference; fileEncoding = 4; lastKnownFileType = sourcecode.c.objc; path = LabelVC.m; sourceTree = "<group>"; };
		E42830FB2417CE4D00DDD344 /* LabelVCProtocol.h */ = {isa = PBXFileReference; fileEncoding = 4; lastKnownFileType = sourcecode.c.h; path = LabelVCProtocol.h; sourceTree = "<group>"; };
		E42830FC2417CE4D00DDD344 /* LabelVC.h */ = {isa = PBXFileReference; fileEncoding = 4; lastKnownFileType = sourcecode.c.h; path = LabelVC.h; sourceTree = "<group>"; };
		E42830FE2417CE4D00DDD344 /* LabelVCInteractor.m */ = {isa = PBXFileReference; fileEncoding = 4; lastKnownFileType = sourcecode.c.objc; path = LabelVCInteractor.m; sourceTree = "<group>"; };
		E42830FF2417CE4D00DDD344 /* LabelVCInteractor.h */ = {isa = PBXFileReference; fileEncoding = 4; lastKnownFileType = sourcecode.c.h; path = LabelVCInteractor.h; sourceTree = "<group>"; };
		E42831012417CE4D00DDD344 /* LabelVCPresenter.m */ = {isa = PBXFileReference; fileEncoding = 4; lastKnownFileType = sourcecode.c.objc; path = LabelVCPresenter.m; sourceTree = "<group>"; };
		E42831022417CE4D00DDD344 /* LabelVCPresenter.h */ = {isa = PBXFileReference; fileEncoding = 4; lastKnownFileType = sourcecode.c.h; path = LabelVCPresenter.h; sourceTree = "<group>"; };
		E428310F241873B900DDD344 /* TfVCPresenter.m */ = {isa = PBXFileReference; fileEncoding = 4; lastKnownFileType = sourcecode.c.objc; path = TfVCPresenter.m; sourceTree = "<group>"; };
		E4283110241873B900DDD344 /* TfVCPresenter.h */ = {isa = PBXFileReference; fileEncoding = 4; lastKnownFileType = sourcecode.c.h; path = TfVCPresenter.h; sourceTree = "<group>"; };
		E4283112241873B900DDD344 /* TfVC.m */ = {isa = PBXFileReference; fileEncoding = 4; lastKnownFileType = sourcecode.c.objc; path = TfVC.m; sourceTree = "<group>"; };
		E4283113241873B900DDD344 /* TfVC.h */ = {isa = PBXFileReference; fileEncoding = 4; lastKnownFileType = sourcecode.c.h; path = TfVC.h; sourceTree = "<group>"; };
		E4283114241873B900DDD344 /* TfVCProtocol.h */ = {isa = PBXFileReference; fileEncoding = 4; lastKnownFileType = sourcecode.c.h; path = TfVCProtocol.h; sourceTree = "<group>"; };
		E4283116241873B900DDD344 /* TfVCInteractor.h */ = {isa = PBXFileReference; fileEncoding = 4; lastKnownFileType = sourcecode.c.h; path = TfVCInteractor.h; sourceTree = "<group>"; };
		E4283117241873B900DDD344 /* TfVCInteractor.m */ = {isa = PBXFileReference; fileEncoding = 4; lastKnownFileType = sourcecode.c.objc; path = TfVCInteractor.m; sourceTree = "<group>"; };
		E45FA6BE23F8E2AF00C5CC45 /* CBT.h */ = {isa = PBXFileReference; fileEncoding = 4; lastKnownFileType = sourcecode.c.h; path = CBT.h; sourceTree = "<group>"; };
		E45FA6BF23F8E2AF00C5CC45 /* bt@2x.png */ = {isa = PBXFileReference; lastKnownFileType = image.png; path = "bt@2x.png"; sourceTree = "<group>"; };
		E45FA6C023F8E2AF00C5CC45 /* CBT.m */ = {isa = PBXFileReference; fileEncoding = 4; lastKnownFileType = sourcecode.c.objc; path = CBT.m; sourceTree = "<group>"; };
		FF986D6F109BF8BB570484A8 /* Pods_PoporUI_Tests.framework */ = {isa = PBXFileReference; explicitFileType = wrapper.framework; includeInIndex = 0; path = Pods_PoporUI_Tests.framework; sourceTree = BUILT_PRODUCTS_DIR; };
/* End PBXFileReference section */

/* Begin PBXFrameworksBuildPhase section */
		6003F587195388D20070C39A /* Frameworks */ = {
			isa = PBXFrameworksBuildPhase;
			buildActionMask = 2147483647;
			files = (
				6003F590195388D20070C39A /* CoreGraphics.framework in Frameworks */,
				6003F592195388D20070C39A /* UIKit.framework in Frameworks */,
				6003F58E195388D20070C39A /* Foundation.framework in Frameworks */,
				996DDB081DBAB23775312153 /* Pods_PoporUI_Example.framework in Frameworks */,
			);
			runOnlyForDeploymentPostprocessing = 0;
		};
		6003F5AB195388D20070C39A /* Frameworks */ = {
			isa = PBXFrameworksBuildPhase;
			buildActionMask = 2147483647;
			files = (
				6003F5B0195388D20070C39A /* XCTest.framework in Frameworks */,
				6003F5B2195388D20070C39A /* UIKit.framework in Frameworks */,
				6003F5B1195388D20070C39A /* Foundation.framework in Frameworks */,
				CC53DD6287A5144A7112BBE3 /* Pods_PoporUI_Tests.framework in Frameworks */,
			);
			runOnlyForDeploymentPostprocessing = 0;
		};
/* End PBXFrameworksBuildPhase section */

/* Begin PBXGroup section */
		18050BD723349F0500BC6A65 /* App */ = {
			isa = PBXGroup;
			children = (
				6003F59C195388D20070C39A /* PoporUIAppDelegate.h */,
				6003F59D195388D20070C39A /* PoporUIAppDelegate.m */,
			);
			name = App;
			sourceTree = "<group>";
		};
		1828EA45232F2D6400396DDA /* PoporUIVC */ = {
			isa = PBXGroup;
			children = (
				1828EA4F232F2D9100396DDA /* View */,
				1828EA4C232F2D9100396DDA /* Presenter */,
				1828EA53232F2D9100396DDA /* Interactor */,
			);
			path = PoporUIVC;
			sourceTree = "<group>";
		};
		1828EA4C232F2D9100396DDA /* Presenter */ = {
			isa = PBXGroup;
			children = (
				1828EA4E232F2D9100396DDA /* PoporUIVCPresenter.h */,
				1828EA4D232F2D9100396DDA /* PoporUIVCPresenter.m */,
			);
			path = Presenter;
			sourceTree = "<group>";
		};
		1828EA4F232F2D9100396DDA /* View */ = {
			isa = PBXGroup;
			children = (
				1828EA52232F2D9100396DDA /* PoporUIVC.h */,
				1828EA51232F2D9100396DDA /* PoporUIVC.m */,
				1828EA50232F2D9100396DDA /* PoporUIVCProtocol.h */,
			);
			path = View;
			sourceTree = "<group>";
		};
		1828EA53232F2D9100396DDA /* Interactor */ = {
			isa = PBXGroup;
			children = (
				1828EA55232F2D9100396DDA /* PoporUIVCInteractor.h */,
				1828EA54232F2D9100396DDA /* PoporUIVCInteractor.m */,
			);
			path = Interactor;
			sourceTree = "<group>";
		};
		1828EA59232F2E4200396DDA /* old */ = {
			isa = PBXGroup;
			children = (
				6003F5A5195388D20070C39A /* PoporUIViewController.h */,
				6003F5A6195388D20070C39A /* PoporUIViewController.m */,
			);
			path = old;
			sourceTree = "<group>";
		};
		1828EA5A232F2F5000396DDA /* UITextField+pPlaceholder */ = {
			isa = PBXGroup;
			children = (
				1828EA5B232F2F8700396DDA /* VC_UITextField+pPlaceholder.h */,
				1828EA5C232F2F8700396DDA /* VC_UITextField+pPlaceholder.m */,
			);
			path = "UITextField+pPlaceholder";
			sourceTree = "<group>";
		};
		187D30DC23346C6F00045911 /* BTVC */ = {
			isa = PBXGroup;
			children = (
				E45FA6BF23F8E2AF00C5CC45 /* bt@2x.png */,
				E45FA6BE23F8E2AF00C5CC45 /* CBT.h */,
				E45FA6C023F8E2AF00C5CC45 /* CBT.m */,
				187D30DD23346C8C00045911 /* BTVC.h */,
				187D30DE23346C8C00045911 /* BTVC.m */,
			);
			path = BTVC;
			sourceTree = "<group>";
		};
		18D2BDF620D8D8E000C91F09 /* other */ = {
			isa = PBXGroup;
			children = (
				180028C42305499100EF6843 /* PoporUI_Example.entitlements */,
				1818073421549D0500CB87CE /* foot@2x.png */,
				18631B7520E4D65F0080DC41 /* icon180@2x.png */,
				873B8AEA1B1F5CCA007FD442 /* Main.storyboard */,
				71719F9D1E33DC2100824A3D /* LaunchScreen.storyboard */,
				6003F5A8195388D20070C39A /* Images.xcassets */,
				6003F594195388D20070C39A /* Supporting Files */,
			);
			name = other;
			sourceTree = "<group>";
		};
		22682DCAA1515F682A65B747 /* Pods */ = {
			isa = PBXGroup;
			children = (
				2497EEB7FBA989374EB5A062 /* Pods-PoporUI_Example.debug.xcconfig */,
				A60C82044BA79F5C36E301C8 /* Pods-PoporUI_Example.release.xcconfig */,
				7BEFF5DEC8C9D600E4026338 /* Pods-PoporUI_Tests.debug.xcconfig */,
				BED3AEAA95A14B86CA4988CD /* Pods-PoporUI_Tests.release.xcconfig */,
			);
			name = Pods;
			sourceTree = "<group>";
		};
		6003F581195388D10070C39A = {
			isa = PBXGroup;
			children = (
				60FF7A9C1954A5C5007DD14C /* Podspec Metadata */,
				6003F593195388D20070C39A /* Example for PoporUI */,
				6003F5B5195388D20070C39A /* Tests */,
				6003F58C195388D20070C39A /* Frameworks */,
				6003F58B195388D20070C39A /* Products */,
				22682DCAA1515F682A65B747 /* Pods */,
			);
			sourceTree = "<group>";
		};
		6003F58B195388D20070C39A /* Products */ = {
			isa = PBXGroup;
			children = (
				6003F58A195388D20070C39A /* UI.app */,
				6003F5AE195388D20070C39A /* PoporUI_Tests.xctest */,
			);
			name = Products;
			sourceTree = "<group>";
		};
		6003F58C195388D20070C39A /* Frameworks */ = {
			isa = PBXGroup;
			children = (
				6003F58D195388D20070C39A /* Foundation.framework */,
				6003F58F195388D20070C39A /* CoreGraphics.framework */,
				6003F591195388D20070C39A /* UIKit.framework */,
				6003F5AF195388D20070C39A /* XCTest.framework */,
				47759FDEC074483E23CF9D40 /* Pods_PoporUI_Example.framework */,
				FF986D6F109BF8BB570484A8 /* Pods_PoporUI_Tests.framework */,
			);
			name = Frameworks;
			sourceTree = "<group>";
		};
		6003F593195388D20070C39A /* Example for PoporUI */ = {
			isa = PBXGroup;
			children = (
				18D2BDF620D8D8E000C91F09 /* other */,
				18050BD723349F0500BC6A65 /* App */,
				1828EA45232F2D6400396DDA /* PoporUIVC */,
				E42831062418736600DDD344 /* Demo */,
			);
			name = "Example for PoporUI";
			path = PoporUI;
			sourceTree = "<group>";
		};
		6003F594195388D20070C39A /* Supporting Files */ = {
			isa = PBXGroup;
			children = (
				6003F595195388D20070C39A /* PoporUI-Info.plist */,
				6003F596195388D20070C39A /* InfoPlist.strings */,
				6003F599195388D20070C39A /* main.m */,
				6003F59B195388D20070C39A /* PoporUI-Prefix.pch */,
			);
			name = "Supporting Files";
			sourceTree = "<group>";
		};
		6003F5B5195388D20070C39A /* Tests */ = {
			isa = PBXGroup;
			children = (
				6003F5BB195388D20070C39A /* Tests.m */,
				6003F5B6195388D20070C39A /* Supporting Files */,
			);
			path = Tests;
			sourceTree = "<group>";
		};
		6003F5B6195388D20070C39A /* Supporting Files */ = {
			isa = PBXGroup;
			children = (
				6003F5B7195388D20070C39A /* Tests-Info.plist */,
				6003F5B8195388D20070C39A /* InfoPlist.strings */,
				606FC2411953D9B200FFA9A0 /* Tests-Prefix.pch */,
			);
			name = "Supporting Files";
			sourceTree = "<group>";
		};
		60FF7A9C1954A5C5007DD14C /* Podspec Metadata */ = {
			isa = PBXGroup;
			children = (
				CB223FB7ABFC8E081DA6AD59 /* PoporUI.podspec */,
				DAF6EEEE55744EBD712939C4 /* README.md */,
				DBD8EF0880D504CF05FCE213 /* LICENSE */,
			);
			name = "Podspec Metadata";
			sourceTree = "<group>";
		};
		E42830F22417CE1B00DDD344 /* LabelVC */ = {
			isa = PBXGroup;
			children = (
				E42830F92417CE4D00DDD344 /* View */,
				E42831002417CE4D00DDD344 /* Presenter */,
				E42830FD2417CE4D00DDD344 /* Interactor */,
			);
			path = LabelVC;
			sourceTree = "<group>";
		};
		E42830F92417CE4D00DDD344 /* View */ = {
			isa = PBXGroup;
			children = (
				E42830FC2417CE4D00DDD344 /* LabelVC.h */,
				E42830FA2417CE4D00DDD344 /* LabelVC.m */,
				E42830FB2417CE4D00DDD344 /* LabelVCProtocol.h */,
			);
			path = View;
			sourceTree = "<group>";
		};
		E42830FD2417CE4D00DDD344 /* Interactor */ = {
			isa = PBXGroup;
			children = (
				E42830FF2417CE4D00DDD344 /* LabelVCInteractor.h */,
				E42830FE2417CE4D00DDD344 /* LabelVCInteractor.m */,
			);
			path = Interactor;
			sourceTree = "<group>";
		};
		E42831002417CE4D00DDD344 /* Presenter */ = {
			isa = PBXGroup;
			children = (
				E42831022417CE4D00DDD344 /* LabelVCPresenter.h */,
				E42831012417CE4D00DDD344 /* LabelVCPresenter.m */,
			);
			path = Presenter;
			sourceTree = "<group>";
		};
		E42831062418736600DDD344 /* Demo */ = {
			isa = PBXGroup;
			children = (
				1828EA59232F2E4200396DDA /* old */,
				1828EA5A232F2F5000396DDA /* UITextField+pPlaceholder */,
				187D30DC23346C6F00045911 /* BTVC */,
				E42830F22417CE1B00DDD344 /* LabelVC */,
				E42831072418739900DDD344 /* TfVC */,
			);
			path = Demo;
			sourceTree = "<group>";
		};
		E42831072418739900DDD344 /* TfVC */ = {
			isa = PBXGroup;
			children = (
				E4283111241873B900DDD344 /* View */,
				E428310E241873B900DDD344 /* Presenter */,
				E4283115241873B900DDD344 /* Interactor */,
			);
			path = TfVC;
			sourceTree = "<group>";
		};
		E428310E241873B900DDD344 /* Presenter */ = {
			isa = PBXGroup;
			children = (
				E428310F241873B900DDD344 /* TfVCPresenter.m */,
				E4283110241873B900DDD344 /* TfVCPresenter.h */,
			);
			path = Presenter;
			sourceTree = "<group>";
		};
		E4283111241873B900DDD344 /* View */ = {
			isa = PBXGroup;
			children = (
				E4283113241873B900DDD344 /* TfVC.h */,
				E4283112241873B900DDD344 /* TfVC.m */,
				E4283114241873B900DDD344 /* TfVCProtocol.h */,
			);
			path = View;
			sourceTree = "<group>";
		};
		E4283115241873B900DDD344 /* Interactor */ = {
			isa = PBXGroup;
			children = (
				E4283116241873B900DDD344 /* TfVCInteractor.h */,
				E4283117241873B900DDD344 /* TfVCInteractor.m */,
			);
			path = Interactor;
			sourceTree = "<group>";
		};
/* End PBXGroup section */

/* Begin PBXNativeTarget section */
		6003F589195388D20070C39A /* PoporUI_Example */ = {
			isa = PBXNativeTarget;
			buildConfigurationList = 6003F5BF195388D20070C39A /* Build configuration list for PBXNativeTarget "PoporUI_Example" */;
			buildPhases = (
				5A05ACE4D83DC50AE483FE6D /* [CP] Check Pods Manifest.lock */,
				6003F586195388D20070C39A /* Sources */,
				6003F587195388D20070C39A /* Frameworks */,
				6003F588195388D20070C39A /* Resources */,
				5E4BE22AA2B291AEAF818D4A /* [CP] Embed Pods Frameworks */,
			);
			buildRules = (
			);
			dependencies = (
			);
			name = PoporUI_Example;
			productName = PoporUI;
			productReference = 6003F58A195388D20070C39A /* UI.app */;
			productType = "com.apple.product-type.application";
		};
		6003F5AD195388D20070C39A /* PoporUI_Tests */ = {
			isa = PBXNativeTarget;
			buildConfigurationList = 6003F5C2195388D20070C39A /* Build configuration list for PBXNativeTarget "PoporUI_Tests" */;
			buildPhases = (
				185DFE910D35D71CBC7A7222 /* [CP] Check Pods Manifest.lock */,
				6003F5AA195388D20070C39A /* Sources */,
				6003F5AB195388D20070C39A /* Frameworks */,
				6003F5AC195388D20070C39A /* Resources */,
			);
			buildRules = (
			);
			dependencies = (
				6003F5B4195388D20070C39A /* PBXTargetDependency */,
			);
			name = PoporUI_Tests;
			productName = PoporUITests;
			productReference = 6003F5AE195388D20070C39A /* PoporUI_Tests.xctest */;
			productType = "com.apple.product-type.bundle.unit-test";
		};
/* End PBXNativeTarget section */

/* Begin PBXProject section */
		6003F582195388D10070C39A /* Project object */ = {
			isa = PBXProject;
			attributes = {
				CLASSPREFIX = PoporUI;
				LastUpgradeCheck = 0720;
				ORGANIZATIONNAME = wangkq;
				TargetAttributes = {
					6003F589195388D20070C39A = {
						DevelopmentTeam = 6SK6RQ8S8Q;
						SystemCapabilities = {
							com.apple.AccessWiFi = {
								enabled = 1;
							};
						};
					};
					6003F5AD195388D20070C39A = {
						TestTargetID = 6003F589195388D20070C39A;
					};
				};
			};
			buildConfigurationList = 6003F585195388D10070C39A /* Build configuration list for PBXProject "PoporUI" */;
			compatibilityVersion = "Xcode 3.2";
			developmentRegion = English;
			hasScannedForEncodings = 0;
			knownRegions = (
				English,
				en,
				Base,
			);
			mainGroup = 6003F581195388D10070C39A;
			productRefGroup = 6003F58B195388D20070C39A /* Products */;
			projectDirPath = "";
			projectRoot = "";
			targets = (
				6003F589195388D20070C39A /* PoporUI_Example */,
				6003F5AD195388D20070C39A /* PoporUI_Tests */,
			);
		};
/* End PBXProject section */

/* Begin PBXResourcesBuildPhase section */
		6003F588195388D20070C39A /* Resources */ = {
			isa = PBXResourcesBuildPhase;
			buildActionMask = 2147483647;
			files = (
				873B8AEB1B1F5CCA007FD442 /* Main.storyboard in Resources */,
				71719F9F1E33DC2100824A3D /* LaunchScreen.storyboard in Resources */,
				6003F5A9195388D20070C39A /* Images.xcassets in Resources */,
				6003F598195388D20070C39A /* InfoPlist.strings in Resources */,
				E45FA6C123F8E2AF00C5CC45 /* bt@2x.png in Resources */,
				18631B7620E4D65F0080DC41 /* icon180@2x.png in Resources */,
				1818073521549D0500CB87CE /* foot@2x.png in Resources */,
			);
			runOnlyForDeploymentPostprocessing = 0;
		};
		6003F5AC195388D20070C39A /* Resources */ = {
			isa = PBXResourcesBuildPhase;
			buildActionMask = 2147483647;
			files = (
				6003F5BA195388D20070C39A /* InfoPlist.strings in Resources */,
			);
			runOnlyForDeploymentPostprocessing = 0;
		};
/* End PBXResourcesBuildPhase section */

/* Begin PBXShellScriptBuildPhase section */
		185DFE910D35D71CBC7A7222 /* [CP] Check Pods Manifest.lock */ = {
			isa = PBXShellScriptBuildPhase;
			buildActionMask = 2147483647;
			files = (
			);
			inputPaths = (
				"${PODS_PODFILE_DIR_PATH}/Podfile.lock",
				"${PODS_ROOT}/Manifest.lock",
			);
			name = "[CP] Check Pods Manifest.lock";
			outputPaths = (
				"$(DERIVED_FILE_DIR)/Pods-PoporUI_Tests-checkManifestLockResult.txt",
			);
			runOnlyForDeploymentPostprocessing = 0;
			shellPath = /bin/sh;
			shellScript = "diff \"${PODS_PODFILE_DIR_PATH}/Podfile.lock\" \"${PODS_ROOT}/Manifest.lock\" > /dev/null\nif [ $? != 0 ] ; then\n    # print error to STDERR\n    echo \"error: The sandbox is not in sync with the Podfile.lock. Run 'pod install' or update your CocoaPods installation.\" >&2\n    exit 1\nfi\n# This output is used by Xcode 'outputs' to avoid re-running this script phase.\necho \"SUCCESS\" > \"${SCRIPT_OUTPUT_FILE_0}\"\n";
			showEnvVarsInLog = 0;
		};
		5A05ACE4D83DC50AE483FE6D /* [CP] Check Pods Manifest.lock */ = {
			isa = PBXShellScriptBuildPhase;
			buildActionMask = 2147483647;
			files = (
			);
			inputPaths = (
				"${PODS_PODFILE_DIR_PATH}/Podfile.lock",
				"${PODS_ROOT}/Manifest.lock",
			);
			name = "[CP] Check Pods Manifest.lock";
			outputPaths = (
				"$(DERIVED_FILE_DIR)/Pods-PoporUI_Example-checkManifestLockResult.txt",
			);
			runOnlyForDeploymentPostprocessing = 0;
			shellPath = /bin/sh;
			shellScript = "diff \"${PODS_PODFILE_DIR_PATH}/Podfile.lock\" \"${PODS_ROOT}/Manifest.lock\" > /dev/null\nif [ $? != 0 ] ; then\n    # print error to STDERR\n    echo \"error: The sandbox is not in sync with the Podfile.lock. Run 'pod install' or update your CocoaPods installation.\" >&2\n    exit 1\nfi\n# This output is used by Xcode 'outputs' to avoid re-running this script phase.\necho \"SUCCESS\" > \"${SCRIPT_OUTPUT_FILE_0}\"\n";
			showEnvVarsInLog = 0;
		};
		5E4BE22AA2B291AEAF818D4A /* [CP] Embed Pods Frameworks */ = {
			isa = PBXShellScriptBuildPhase;
			buildActionMask = 2147483647;
			files = (
			);
			inputPaths = (
				"${PODS_ROOT}/Target Support Files/Pods-PoporUI_Example/Pods-PoporUI_Example-frameworks.sh",
				"${BUILT_PRODUCTS_DIR}/Masonry/Masonry.framework",
				"${BUILT_PRODUCTS_DIR}/PoporFoundation/PoporFoundation.framework",
				"${BUILT_PRODUCTS_DIR}/PoporUI/PoporUI.framework",
			);
			name = "[CP] Embed Pods Frameworks";
			outputPaths = (
				"${TARGET_BUILD_DIR}/${FRAMEWORKS_FOLDER_PATH}/Masonry.framework",
				"${TARGET_BUILD_DIR}/${FRAMEWORKS_FOLDER_PATH}/PoporFoundation.framework",
				"${TARGET_BUILD_DIR}/${FRAMEWORKS_FOLDER_PATH}/PoporUI.framework",
			);
			runOnlyForDeploymentPostprocessing = 0;
			shellPath = /bin/sh;
			shellScript = "\"${PODS_ROOT}/Target Support Files/Pods-PoporUI_Example/Pods-PoporUI_Example-frameworks.sh\"\n";
			showEnvVarsInLog = 0;
		};
/* End PBXShellScriptBuildPhase section */

/* Begin PBXSourcesBuildPhase section */
		6003F586195388D20070C39A /* Sources */ = {
			isa = PBXSourcesBuildPhase;
			buildActionMask = 2147483647;
			files = (
				187D30DF23346C8C00045911 /* BTVC.m in Sources */,
				1828EA5D232F2F8700396DDA /* VC_UITextField+pPlaceholder.m in Sources */,
				E42831042417CE4D00DDD344 /* LabelVCInteractor.m in Sources */,
				1828EA58232F2D9100396DDA /* PoporUIVCInteractor.m in Sources */,
				6003F59E195388D20070C39A /* PoporUIAppDelegate.m in Sources */,
				E4283118241873B900DDD344 /* TfVCPresenter.m in Sources */,
				6003F5A7195388D20070C39A /* PoporUIViewController.m in Sources */,
				E42831052417CE4D00DDD344 /* LabelVCPresenter.m in Sources */,
				1828EA56232F2D9100396DDA /* PoporUIVCPresenter.m in Sources */,
				E45FA6C223F8E2AF00C5CC45 /* CBT.m in Sources */,
				E4283119241873B900DDD344 /* TfVC.m in Sources */,
				E42831032417CE4D00DDD344 /* LabelVC.m in Sources */,
				6003F59A195388D20070C39A /* main.m in Sources */,
				E428311A241873B900DDD344 /* TfVCInteractor.m in Sources */,
				1828EA57232F2D9100396DDA /* PoporUIVC.m in Sources */,
			);
			runOnlyForDeploymentPostprocessing = 0;
		};
		6003F5AA195388D20070C39A /* Sources */ = {
			isa = PBXSourcesBuildPhase;
			buildActionMask = 2147483647;
			files = (
				6003F5BC195388D20070C39A /* Tests.m in Sources */,
			);
			runOnlyForDeploymentPostprocessing = 0;
		};
/* End PBXSourcesBuildPhase section */

/* Begin PBXTargetDependency section */
		6003F5B4195388D20070C39A /* PBXTargetDependency */ = {
			isa = PBXTargetDependency;
			target = 6003F589195388D20070C39A /* PoporUI_Example */;
			targetProxy = 6003F5B3195388D20070C39A /* PBXContainerItemProxy */;
		};
/* End PBXTargetDependency section */

/* Begin PBXVariantGroup section */
		6003F596195388D20070C39A /* InfoPlist.strings */ = {
			isa = PBXVariantGroup;
			children = (
				6003F597195388D20070C39A /* en */,
			);
			name = InfoPlist.strings;
			sourceTree = "<group>";
		};
		6003F5B8195388D20070C39A /* InfoPlist.strings */ = {
			isa = PBXVariantGroup;
			children = (
				6003F5B9195388D20070C39A /* en */,
			);
			name = InfoPlist.strings;
			sourceTree = "<group>";
		};
		71719F9D1E33DC2100824A3D /* LaunchScreen.storyboard */ = {
			isa = PBXVariantGroup;
			children = (
				71719F9E1E33DC2100824A3D /* Base */,
			);
			name = LaunchScreen.storyboard;
			sourceTree = "<group>";
		};
/* End PBXVariantGroup section */

/* Begin XCBuildConfiguration section */
		6003F5BD195388D20070C39A /* Debug */ = {
			isa = XCBuildConfiguration;
			buildSettings = {
				ALWAYS_SEARCH_USER_PATHS = NO;
				CLANG_CXX_LANGUAGE_STANDARD = "gnu++0x";
				CLANG_CXX_LIBRARY = "libc++";
				CLANG_ENABLE_MODULES = YES;
				CLANG_ENABLE_OBJC_ARC = YES;
				CLANG_WARN_BOOL_CONVERSION = YES;
				CLANG_WARN_CONSTANT_CONVERSION = YES;
				CLANG_WARN_DIRECT_OBJC_ISA_USAGE = YES_ERROR;
				CLANG_WARN_EMPTY_BODY = YES;
				CLANG_WARN_ENUM_CONVERSION = YES;
				CLANG_WARN_INT_CONVERSION = YES;
				CLANG_WARN_OBJC_ROOT_CLASS = YES_ERROR;
				CLANG_WARN__DUPLICATE_METHOD_MATCH = YES;
				"CODE_SIGN_IDENTITY[sdk=iphoneos*]" = "iPhone Developer";
				COPY_PHASE_STRIP = NO;
				ENABLE_TESTABILITY = YES;
				GCC_C_LANGUAGE_STANDARD = gnu99;
				GCC_DYNAMIC_NO_PIC = NO;
				GCC_OPTIMIZATION_LEVEL = 0;
				GCC_PREPROCESSOR_DEFINITIONS = (
					"DEBUG=1",
					"$(inherited)",
				);
				GCC_SYMBOLS_PRIVATE_EXTERN = NO;
				GCC_WARN_64_TO_32_BIT_CONVERSION = YES;
				GCC_WARN_ABOUT_RETURN_TYPE = YES_ERROR;
				GCC_WARN_UNDECLARED_SELECTOR = YES;
				GCC_WARN_UNINITIALIZED_AUTOS = YES_AGGRESSIVE;
				GCC_WARN_UNUSED_FUNCTION = YES;
				GCC_WARN_UNUSED_VARIABLE = YES;
				IPHONEOS_DEPLOYMENT_TARGET = 9.3;
				ONLY_ACTIVE_ARCH = YES;
				SDKROOT = iphoneos;
				TARGETED_DEVICE_FAMILY = "1,2";
			};
			name = Debug;
		};
		6003F5BE195388D20070C39A /* Release */ = {
			isa = XCBuildConfiguration;
			buildSettings = {
				ALWAYS_SEARCH_USER_PATHS = NO;
				CLANG_CXX_LANGUAGE_STANDARD = "gnu++0x";
				CLANG_CXX_LIBRARY = "libc++";
				CLANG_ENABLE_MODULES = YES;
				CLANG_ENABLE_OBJC_ARC = YES;
				CLANG_WARN_BOOL_CONVERSION = YES;
				CLANG_WARN_CONSTANT_CONVERSION = YES;
				CLANG_WARN_DIRECT_OBJC_ISA_USAGE = YES_ERROR;
				CLANG_WARN_EMPTY_BODY = YES;
				CLANG_WARN_ENUM_CONVERSION = YES;
				CLANG_WARN_INT_CONVERSION = YES;
				CLANG_WARN_OBJC_ROOT_CLASS = YES_ERROR;
				CLANG_WARN__DUPLICATE_METHOD_MATCH = YES;
				"CODE_SIGN_IDENTITY[sdk=iphoneos*]" = "iPhone Developer";
				COPY_PHASE_STRIP = YES;
				ENABLE_NS_ASSERTIONS = NO;
				GCC_C_LANGUAGE_STANDARD = gnu99;
				GCC_WARN_64_TO_32_BIT_CONVERSION = YES;
				GCC_WARN_ABOUT_RETURN_TYPE = YES_ERROR;
				GCC_WARN_UNDECLARED_SELECTOR = YES;
				GCC_WARN_UNINITIALIZED_AUTOS = YES_AGGRESSIVE;
				GCC_WARN_UNUSED_FUNCTION = YES;
				GCC_WARN_UNUSED_VARIABLE = YES;
				IPHONEOS_DEPLOYMENT_TARGET = 9.3;
				SDKROOT = iphoneos;
				TARGETED_DEVICE_FAMILY = "1,2";
				VALIDATE_PRODUCT = YES;
			};
			name = Release;
		};
		6003F5C0195388D20070C39A /* Debug */ = {
			isa = XCBuildConfiguration;
			baseConfigurationReference = 2497EEB7FBA989374EB5A062 /* Pods-PoporUI_Example.debug.xcconfig */;
			buildSettings = {
				ASSETCATALOG_COMPILER_APPICON_NAME = AppIcon;
				CODE_SIGN_ENTITLEMENTS = PoporUI_Example.entitlements;
				DEVELOPMENT_TEAM = 6SK6RQ8S8Q;
				GCC_PRECOMPILE_PREFIX_HEADER = YES;
				GCC_PREFIX_HEADER = "PoporUI/PoporUI-Prefix.pch";
				INFOPLIST_FILE = "PoporUI/PoporUI-Info.plist";
				MODULE_NAME = ExampleApp;
				PRODUCT_BUNDLE_IDENTIFIER = com.ifcar99.wkq;
				PRODUCT_NAME = UI;
				WRAPPER_EXTENSION = app;
			};
			name = Debug;
		};
		6003F5C1195388D20070C39A /* Release */ = {
			isa = XCBuildConfiguration;
			baseConfigurationReference = A60C82044BA79F5C36E301C8 /* Pods-PoporUI_Example.release.xcconfig */;
			buildSettings = {
				ASSETCATALOG_COMPILER_APPICON_NAME = AppIcon;
				CODE_SIGN_ENTITLEMENTS = PoporUI_Example.entitlements;
				DEVELOPMENT_TEAM = 6SK6RQ8S8Q;
				GCC_PRECOMPILE_PREFIX_HEADER = YES;
				GCC_PREFIX_HEADER = "PoporUI/PoporUI-Prefix.pch";
				INFOPLIST_FILE = "PoporUI/PoporUI-Info.plist";
				MODULE_NAME = ExampleApp;
				PRODUCT_BUNDLE_IDENTIFIER = com.ifcar99.wkq;
				PRODUCT_NAME = UI;
				WRAPPER_EXTENSION = app;
			};
			name = Release;
		};
		6003F5C3195388D20070C39A /* Debug */ = {
			isa = XCBuildConfiguration;
			baseConfigurationReference = 7BEFF5DEC8C9D600E4026338 /* Pods-PoporUI_Tests.debug.xcconfig */;
			buildSettings = {
				BUNDLE_LOADER = "$(TEST_HOST)";
				FRAMEWORK_SEARCH_PATHS = (
					"$(SDKROOT)/Developer/Library/Frameworks",
					"$(inherited)",
					"$(DEVELOPER_FRAMEWORKS_DIR)",
				);
				GCC_PRECOMPILE_PREFIX_HEADER = YES;
				GCC_PREFIX_HEADER = "Tests/Tests-Prefix.pch";
				GCC_PREPROCESSOR_DEFINITIONS = (
					"DEBUG=1",
					"$(inherited)",
				);
				INFOPLIST_FILE = "Tests/Tests-Info.plist";
				PRODUCT_BUNDLE_IDENTIFIER = "org.cocoapods.demo.${PRODUCT_NAME:rfc1034identifier}";
				PRODUCT_NAME = "$(TARGET_NAME)";
				TEST_HOST = "$(BUILT_PRODUCTS_DIR)/PoporUI_Example.app/PoporUI_Example";
				WRAPPER_EXTENSION = xctest;
			};
			name = Debug;
		};
		6003F5C4195388D20070C39A /* Release */ = {
			isa = XCBuildConfiguration;
			baseConfigurationReference = BED3AEAA95A14B86CA4988CD /* Pods-PoporUI_Tests.release.xcconfig */;
			buildSettings = {
				BUNDLE_LOADER = "$(TEST_HOST)";
				FRAMEWORK_SEARCH_PATHS = (
					"$(SDKROOT)/Developer/Library/Frameworks",
					"$(inherited)",
					"$(DEVELOPER_FRAMEWORKS_DIR)",
				);
				GCC_PRECOMPILE_PREFIX_HEADER = YES;
				GCC_PREFIX_HEADER = "Tests/Tests-Prefix.pch";
				INFOPLIST_FILE = "Tests/Tests-Info.plist";
				PRODUCT_BUNDLE_IDENTIFIER = "org.cocoapods.demo.${PRODUCT_NAME:rfc1034identifier}";
				PRODUCT_NAME = "$(TARGET_NAME)";
				TEST_HOST = "$(BUILT_PRODUCTS_DIR)/PoporUI_Example.app/PoporUI_Example";
				WRAPPER_EXTENSION = xctest;
			};
			name = Release;
		};
/* End XCBuildConfiguration section */

/* Begin XCConfigurationList section */
		6003F585195388D10070C39A /* Build configuration list for PBXProject "PoporUI" */ = {
			isa = XCConfigurationList;
			buildConfigurations = (
				6003F5BD195388D20070C39A /* Debug */,
				6003F5BE195388D20070C39A /* Release */,
			);
			defaultConfigurationIsVisible = 0;
			defaultConfigurationName = Release;
		};
		6003F5BF195388D20070C39A /* Build configuration list for PBXNativeTarget "PoporUI_Example" */ = {
			isa = XCConfigurationList;
			buildConfigurations = (
				6003F5C0195388D20070C39A /* Debug */,
				6003F5C1195388D20070C39A /* Release */,
			);
			defaultConfigurationIsVisible = 0;
			defaultConfigurationName = Release;
		};
		6003F5C2195388D20070C39A /* Build configuration list for PBXNativeTarget "PoporUI_Tests" */ = {
			isa = XCConfigurationList;
			buildConfigurations = (
				6003F5C3195388D20070C39A /* Debug */,
				6003F5C4195388D20070C39A /* Release */,
			);
			defaultConfigurationIsVisible = 0;
			defaultConfigurationName = Release;
		};
/* End XCConfigurationList section */
	};
	rootObject = 6003F582195388D10070C39A /* Project object */;
}
